
Microsoft Visual Studio Solution File, Format Version 12.00
# Visual Studio Version 17
VisualStudioVersion = 17.0.31903.59
MinimumVisualStudioVersion = 10.0.40219.1
Project("{FAE04EC0-301F-11D3-BF4B-00C04F79EFBC}") = "Blue.Zebra.Api", "Blue.Zebra.Api\Blue.Zebra.Api.csproj", "{EB142656-A708-4436-8C60-8F4873B8B717}"
EndProject
Project("{FAE04EC0-301F-11D3-BF4B-00C04F79EFBC}") = "Blue.Zebra.Domain", "Blue.Zebra.Domain\Blue.Zebra.Domain.csproj", "{A491C23D-887F-4643-92A4-CE60FB59DFC7}"
EndProject
Project("{FAE04EC0-301F-11D3-BF4B-00C04F79EFBC}") = "Blue.Zebra.Data", "Blue.Zebra.Data\Blue.Zebra.Data.csproj", "{8ADFD9FE-FEAA-46A3-8536-7747DA2E9CC7}"
EndProject
Project("{2150E333-8FDC-42A3-9474-1A3956D46DE8}") = "tests", "tests", "{4DC3AB0A-AD01-4E73-A26D-0E0A15E2AF39}"
EndProject
Project("{FAE04EC0-301F-11D3-BF4B-00C04F79EFBC}") = "Blue.Zebra.Domain.Tests", "tests\Blue.Zebra.Domain.Tests\Blue.Zebra.Domain.Tests.csproj", "{7FB54E42-66A8-4F0B-96C0-38304F04EF17}"
EndProject
Global
	GlobalSection(SolutionConfigurationPlatforms) = preSolution
		Debug|Any CPU = Debug|Any CPU
		Release|Any CPU = Release|Any CPU
	EndGlobalSection
	GlobalSection(SolutionProperties) = preSolution
		HideSolutionNode = FALSE
	EndGlobalSection
	GlobalSection(ProjectConfigurationPlatforms) = postSolution
		{EB142656-A708-4436-8C60-8F4873B8B717}.Debug|Any CPU.ActiveCfg = Debug|Any CPU
		{EB142656-A708-4436-8C60-8F4873B8B717}.Debug|Any CPU.Build.0 = Debug|Any CPU
		{EB142656-A708-4436-8C60-8F4873B8B717}.Release|Any CPU.ActiveCfg = Release|Any CPU
		{EB142656-A708-4436-8C60-8F4873B8B717}.Release|Any CPU.Build.0 = Release|Any CPU
		{A491C23D-887F-4643-92A4-CE60FB59DFC7}.Debug|Any CPU.ActiveCfg = Debug|Any CPU
		{A491C23D-887F-4643-92A4-CE60FB59DFC7}.Debug|Any CPU.Build.0 = Debug|Any CPU
		{A491C23D-887F-4643-92A4-CE60FB59DFC7}.Release|Any CPU.ActiveCfg = Release|Any CPU
		{A491C23D-887F-4643-92A4-CE60FB59DFC7}.Release|Any CPU.Build.0 = Release|Any CPU
		{8ADFD9FE-FEAA-46A3-8536-7747DA2E9CC7}.Debug|Any CPU.ActiveCfg = Debug|Any CPU
		{8ADFD9FE-FEAA-46A3-8536-7747DA2E9CC7}.Debug|Any CPU.Build.0 = Debug|Any CPU
		{8ADFD9FE-FEAA-46A3-8536-7747DA2E9CC7}.Release|Any CPU.ActiveCfg = Release|Any CPU
		{8ADFD9FE-FEAA-46A3-8536-7747DA2E9CC7}.Release|Any CPU.Build.0 = Release|Any CPU
		{7FB54E42-66A8-4F0B-96C0-38304F04EF17}.Debug|Any CPU.ActiveCfg = Debug|Any CPU
		{7FB54E42-66A8-4F0B-96C0-38304F04EF17}.Debug|Any CPU.Build.0 = Debug|Any CPU
		{7FB54E42-66A8-4F0B-96C0-38304F04EF17}.Release|Any CPU.ActiveCfg = Release|Any CPU
		{7FB54E42-66A8-4F0B-96C0-38304F04EF17}.Release|Any CPU.Build.0 = Release|Any CPU
	EndGlobalSection
	GlobalSection(NestedProjects) = preSolution
		{7FB54E42-66A8-4F0B-96C0-38304F04EF17} = {4DC3AB0A-AD01-4E73-A26D-0E0A15E2AF39}
	EndGlobalSection
EndGlobal
